
Microsoft Visual Studio Solution File, Format Version 12.00
# Visual Studio Version 17
VisualStudioVersion = 17.8.34316.72
MinimumVisualStudioVersion = 10.0.40219.1
Project("{9A19103F-16F7-4668-BE54-9A1E7A4F7556}") = "ShopConsole", "TeachingApp\ShopConsole.csproj", "{5436B607-4F84-4E97-943E-A3E5D623FD4A}"
EndProject
Project("{9A19103F-16F7-4668-BE54-9A1E7A4F7556}") = "RandomUzduotys", "TeachingApp2\RandomUzduotys.csproj", "{459B79D1-A497-4E2B-AF20-52DDD6793359}"
EndProject
Project("{9A19103F-16F7-4668-BE54-9A1E7A4F7556}") = "AsyncConsoleApp", "AsyncConsoleApp\AsyncConsoleApp.csproj", "{40195854-5C42-4FC2-A099-46D6AB692A37}"
EndProject
Project("{9A19103F-16F7-4668-BE54-9A1E7A4F7556}") = "ShopAPI", "TeachingAPI\ShopAPI.csproj", "{E9F81603-DFAC-40BD-A9EC-3100C6BD8E3A}"
EndProject
Project("{9A19103F-16F7-4668-BE54-9A1E7A4F7556}") = "ShopAPITest", "ShopAPITest\ShopAPITest.csproj", "{942E9797-A1BD-42C1-97ED-2C9BA4585383}"
EndProject
Project("{FAE04EC0-301F-11D3-BF4B-00C04F79EFBC}") = "FileAPI", "FileAPI\FileAPI.csproj", "{83F0ECBB-CF7E-42A7-AC61-16296BBF4299}"
EndProject
Global
	GlobalSection(SolutionConfigurationPlatforms) = preSolution
		Debug|Any CPU = Debug|Any CPU
		Release|Any CPU = Release|Any CPU
	EndGlobalSection
	GlobalSection(ProjectConfigurationPlatforms) = postSolution
		{5436B607-4F84-4E97-943E-A3E5D623FD4A}.Debug|Any CPU.ActiveCfg = Debug|Any CPU
		{5436B607-4F84-4E97-943E-A3E5D623FD4A}.Debug|Any CPU.Build.0 = Debug|Any CPU
		{5436B607-4F84-4E97-943E-A3E5D623FD4A}.Release|Any CPU.ActiveCfg = Release|Any CPU
		{5436B607-4F84-4E97-943E-A3E5D623FD4A}.Release|Any CPU.Build.0 = Release|Any CPU
		{459B79D1-A497-4E2B-AF20-52DDD6793359}.Debug|Any CPU.ActiveCfg = Debug|Any CPU
		{459B79D1-A497-4E2B-AF20-52DDD6793359}.Debug|Any CPU.Build.0 = Debug|Any CPU
		{459B79D1-A497-4E2B-AF20-52DDD6793359}.Release|Any CPU.ActiveCfg = Release|Any CPU
		{459B79D1-A497-4E2B-AF20-52DDD6793359}.Release|Any CPU.Build.0 = Release|Any CPU
		{40195854-5C42-4FC2-A099-46D6AB692A37}.Debug|Any CPU.ActiveCfg = Debug|Any CPU
		{40195854-5C42-4FC2-A099-46D6AB692A37}.Debug|Any CPU.Build.0 = Debug|Any CPU
		{40195854-5C42-4FC2-A099-46D6AB692A37}.Release|Any CPU.ActiveCfg = Release|Any CPU
		{40195854-5C42-4FC2-A099-46D6AB692A37}.Release|Any CPU.Build.0 = Release|Any CPU
		{E9F81603-DFAC-40BD-A9EC-3100C6BD8E3A}.Debug|Any CPU.ActiveCfg = Debug|Any CPU
		{E9F81603-DFAC-40BD-A9EC-3100C6BD8E3A}.Debug|Any CPU.Build.0 = Debug|Any CPU
		{E9F81603-DFAC-40BD-A9EC-3100C6BD8E3A}.Release|Any CPU.ActiveCfg = Release|Any CPU
		{E9F81603-DFAC-40BD-A9EC-3100C6BD8E3A}.Release|Any CPU.Build.0 = Release|Any CPU
		{942E9797-A1BD-42C1-97ED-2C9BA4585383}.Debug|Any CPU.ActiveCfg = Debug|Any CPU
		{942E9797-A1BD-42C1-97ED-2C9BA4585383}.Debug|Any CPU.Build.0 = Debug|Any CPU
		{942E9797-A1BD-42C1-97ED-2C9BA4585383}.Release|Any CPU.ActiveCfg = Release|Any CPU
		{942E9797-A1BD-42C1-97ED-2C9BA4585383}.Release|Any CPU.Build.0 = Release|Any CPU
		{83F0ECBB-CF7E-42A7-AC61-16296BBF4299}.Debug|Any CPU.ActiveCfg = Debug|Any CPU
		{83F0ECBB-CF7E-42A7-AC61-16296BBF4299}.Debug|Any CPU.Build.0 = Debug|Any CPU
		{83F0ECBB-CF7E-42A7-AC61-16296BBF4299}.Release|Any CPU.ActiveCfg = Release|Any CPU
		{83F0ECBB-CF7E-42A7-AC61-16296BBF4299}.Release|Any CPU.Build.0 = Release|Any CPU
	EndGlobalSection
	GlobalSection(SolutionProperties) = preSolution
		HideSolutionNode = FALSE
	EndGlobalSection
	GlobalSection(ExtensibilityGlobals) = postSolution
		SolutionGuid = {63E0F644-A889-44C7-9AA9-AF9C62BB79F6}
	EndGlobalSection
EndGlobal
